// !$*UTF8*$!
{
	archiveVersion = 1;
	classes = {
	};
	objectVersion = 56;
	objects = {

/* Begin PBXBuildFile section */
		8125A14C2C7319FF00229ED2 /* AppDelegate.swift in Sources */ = {isa = PBXBuildFile; fileRef = 8125A14B2C7319FF00229ED2 /* AppDelegate.swift */; };
		8125A14E2C7319FF00229ED2 /* SceneDelegate.swift in Sources */ = {isa = PBXBuildFile; fileRef = 8125A14D2C7319FF00229ED2 /* SceneDelegate.swift */; };
		8125A1552C731A0100229ED2 /* Assets.xcassets in Resources */ = {isa = PBXBuildFile; fileRef = 8125A1542C731A0100229ED2 /* Assets.xcassets */; };
		8125A1582C731A0100229ED2 /* Base in Resources */ = {isa = PBXBuildFile; fileRef = 8125A1572C731A0100229ED2 /* Base */; };
		8125A1612C731A6500229ED2 /* CharactersListVC.swift in Sources */ = {isa = PBXBuildFile; fileRef = 8125A1602C731A6500229ED2 /* CharactersListVC.swift */; };
		8125A16C2C733BAF00229ED2 /* CharacterListCell.swift in Sources */ = {isa = PBXBuildFile; fileRef = 8125A16B2C733BAF00229ED2 /* CharacterListCell.swift */; };
		8125A16E2C737FF600229ED2 /* RMCharacter.swift in Sources */ = {isa = PBXBuildFile; fileRef = 8125A16D2C737FF600229ED2 /* RMCharacter.swift */; };
		8125A1702C75C0C200229ED2 /* Origin.swift in Sources */ = {isa = PBXBuildFile; fileRef = 8125A16F2C75C0C200229ED2 /* Origin.swift */; };
		8125A1722C75C0CA00229ED2 /* SingleLocation.swift in Sources */ = {isa = PBXBuildFile; fileRef = 8125A1712C75C0CA00229ED2 /* SingleLocation.swift */; };
		8125A1742C75C25E00229ED2 /* CharacterStatus.swift in Sources */ = {isa = PBXBuildFile; fileRef = 8125A1732C75C25E00229ED2 /* CharacterStatus.swift */; };
		8125A1762C75C31E00229ED2 /* CharacterGender.swift in Sources */ = {isa = PBXBuildFile; fileRef = 8125A1752C75C31E00229ED2 /* CharacterGender.swift */; };
		8125A1782C75C3C600229ED2 /* Location.swift in Sources */ = {isa = PBXBuildFile; fileRef = 8125A1772C75C3C600229ED2 /* Location.swift */; };
		8125A17A2C75C4A900229ED2 /* Episode.swift in Sources */ = {isa = PBXBuildFile; fileRef = 8125A1792C75C4A900229ED2 /* Episode.swift */; };
		8125A17D2C75C64000229ED2 /* Service.swift in Sources */ = {isa = PBXBuildFile; fileRef = 8125A17C2C75C64000229ED2 /* Service.swift */; };
		8125A17F2C75C64700229ED2 /* Request.swift in Sources */ = {isa = PBXBuildFile; fileRef = 8125A17E2C75C64700229ED2 /* Request.swift */; };
		8125A1812C75C6BD00229ED2 /* EndPoint.swift in Sources */ = {isa = PBXBuildFile; fileRef = 8125A1802C75C6BD00229ED2 /* EndPoint.swift */; };
		8125A1832C75C8B100229ED2 /* CharacterDetailsVC.swift in Sources */ = {isa = PBXBuildFile; fileRef = 8125A1822C75C8B100229ED2 /* CharacterDetailsVC.swift */; };
		8125A1892C762A2900229ED2 /* GetAllCharactersResponse.swift in Sources */ = {isa = PBXBuildFile; fileRef = 8125A1882C762A2900229ED2 /* GetAllCharactersResponse.swift */; };
		8125A18B2C77B06300229ED2 /* CharacterListViewViewModel.swift in Sources */ = {isa = PBXBuildFile; fileRef = 8125A18A2C77B06300229ED2 /* CharacterListViewViewModel.swift */; };
		8125A18D2C77BBA300229ED2 /* RMCharacterListCellViewModel.swift in Sources */ = {isa = PBXBuildFile; fileRef = 8125A18C2C77BBA300229ED2 /* RMCharacterListCellViewModel.swift */; };
/* End PBXBuildFile section */

/* Begin PBXFileReference section */
		8125A1482C7319FF00229ED2 /* RickAndMorty.app */ = {isa = PBXFileReference; explicitFileType = wrapper.application; includeInIndex = 0; path = RickAndMorty.app; sourceTree = BUILT_PRODUCTS_DIR; };
		8125A14B2C7319FF00229ED2 /* AppDelegate.swift */ = {isa = PBXFileReference; lastKnownFileType = sourcecode.swift; path = AppDelegate.swift; sourceTree = "<group>"; };
		8125A14D2C7319FF00229ED2 /* SceneDelegate.swift */ = {isa = PBXFileReference; lastKnownFileType = sourcecode.swift; path = SceneDelegate.swift; sourceTree = "<group>"; };
		8125A1542C731A0100229ED2 /* Assets.xcassets */ = {isa = PBXFileReference; lastKnownFileType = folder.assetcatalog; path = Assets.xcassets; sourceTree = "<group>"; };
		8125A1572C731A0100229ED2 /* Base */ = {isa = PBXFileReference; lastKnownFileType = file.storyboard; name = Base; path = Base.lproj/LaunchScreen.storyboard; sourceTree = "<group>"; };
		8125A1592C731A0100229ED2 /* Info.plist */ = {isa = PBXFileReference; lastKnownFileType = text.plist.xml; path = Info.plist; sourceTree = "<group>"; };
		8125A1602C731A6500229ED2 /* CharactersListVC.swift */ = {isa = PBXFileReference; lastKnownFileType = sourcecode.swift; path = CharactersListVC.swift; sourceTree = "<group>"; };
		8125A16B2C733BAF00229ED2 /* CharacterListCell.swift */ = {isa = PBXFileReference; lastKnownFileType = sourcecode.swift; path = CharacterListCell.swift; sourceTree = "<group>"; };
		8125A16D2C737FF600229ED2 /* RMCharacter.swift */ = {isa = PBXFileReference; lastKnownFileType = sourcecode.swift; path = RMCharacter.swift; sourceTree = "<group>"; };
		8125A16F2C75C0C200229ED2 /* Origin.swift */ = {isa = PBXFileReference; lastKnownFileType = sourcecode.swift; path = Origin.swift; sourceTree = "<group>"; };
		8125A1712C75C0CA00229ED2 /* SingleLocation.swift */ = {isa = PBXFileReference; lastKnownFileType = sourcecode.swift; path = SingleLocation.swift; sourceTree = "<group>"; };
		8125A1732C75C25E00229ED2 /* CharacterStatus.swift */ = {isa = PBXFileReference; lastKnownFileType = sourcecode.swift; path = CharacterStatus.swift; sourceTree = "<group>"; };
		8125A1752C75C31E00229ED2 /* CharacterGender.swift */ = {isa = PBXFileReference; lastKnownFileType = sourcecode.swift; path = CharacterGender.swift; sourceTree = "<group>"; };
		8125A1772C75C3C600229ED2 /* Location.swift */ = {isa = PBXFileReference; lastKnownFileType = sourcecode.swift; path = Location.swift; sourceTree = "<group>"; };
		8125A1792C75C4A900229ED2 /* Episode.swift */ = {isa = PBXFileReference; lastKnownFileType = sourcecode.swift; path = Episode.swift; sourceTree = "<group>"; };
		8125A17C2C75C64000229ED2 /* Service.swift */ = {isa = PBXFileReference; lastKnownFileType = sourcecode.swift; path = Service.swift; sourceTree = "<group>"; };
		8125A17E2C75C64700229ED2 /* Request.swift */ = {isa = PBXFileReference; lastKnownFileType = sourcecode.swift; path = Request.swift; sourceTree = "<group>"; };
		8125A1802C75C6BD00229ED2 /* EndPoint.swift */ = {isa = PBXFileReference; lastKnownFileType = sourcecode.swift; path = EndPoint.swift; sourceTree = "<group>"; };
		8125A1822C75C8B100229ED2 /* CharacterDetailsVC.swift */ = {isa = PBXFileReference; lastKnownFileType = sourcecode.swift; path = CharacterDetailsVC.swift; sourceTree = "<group>"; };
		8125A1882C762A2900229ED2 /* GetAllCharactersResponse.swift */ = {isa = PBXFileReference; lastKnownFileType = sourcecode.swift; path = GetAllCharactersResponse.swift; sourceTree = "<group>"; };
		8125A18A2C77B06300229ED2 /* CharacterListViewViewModel.swift */ = {isa = PBXFileReference; lastKnownFileType = sourcecode.swift; path = CharacterListViewViewModel.swift; sourceTree = "<group>"; };
		8125A18C2C77BBA300229ED2 /* RMCharacterListCellViewModel.swift */ = {isa = PBXFileReference; lastKnownFileType = sourcecode.swift; path = RMCharacterListCellViewModel.swift; sourceTree = "<group>"; };
/* End PBXFileReference section */

/* Begin PBXFrameworksBuildPhase section */
		8125A1452C7319FF00229ED2 /* Frameworks */ = {
			isa = PBXFrameworksBuildPhase;
			buildActionMask = 2147483647;
			files = (
			);
			runOnlyForDeploymentPostprocessing = 0;
		};
/* End PBXFrameworksBuildPhase section */

/* Begin PBXGroup section */
		8125A13F2C7319FF00229ED2 = {
			isa = PBXGroup;
			children = (
				8125A14A2C7319FF00229ED2 /* RickAndMorty */,
				8125A1492C7319FF00229ED2 /* Products */,
			);
			sourceTree = "<group>";
		};
		8125A1492C7319FF00229ED2 /* Products */ = {
			isa = PBXGroup;
			children = (
				8125A1482C7319FF00229ED2 /* RickAndMorty.app */,
			);
			name = Products;
			sourceTree = "<group>";
		};
		8125A14A2C7319FF00229ED2 /* RickAndMorty */ = {
			isa = PBXGroup;
			children = (
				8125A17B2C75C63200229ED2 /* API */,
				8125A1642C731CE100229ED2 /* Model */,
				8125A1632C731CD100229ED2 /* ViewModel */,
				8125A1622C731CCA00229ED2 /* View */,
				8125A16A2C733B3200229ED2 /* Supporting */,
				8125A15F2C731A5300229ED2 /* Controller */,
				8125A1592C731A0100229ED2 /* Info.plist */,
			);
			path = RickAndMorty;
			sourceTree = "<group>";
		};
		8125A15F2C731A5300229ED2 /* Controller */ = {
			isa = PBXGroup;
			children = (
				8125A1602C731A6500229ED2 /* CharactersListVC.swift */,
				8125A1822C75C8B100229ED2 /* CharacterDetailsVC.swift */,
			);
			path = Controller;
			sourceTree = "<group>";
		};
		8125A1622C731CCA00229ED2 /* View */ = {
			isa = PBXGroup;
			children = (
				8125A16B2C733BAF00229ED2 /* CharacterListCell.swift */,
			);
			path = View;
			sourceTree = "<group>";
		};
		8125A1632C731CD100229ED2 /* ViewModel */ = {
			isa = PBXGroup;
			children = (
				8125A18A2C77B06300229ED2 /* CharacterListViewViewModel.swift */,
				8125A18C2C77BBA300229ED2 /* RMCharacterListCellViewModel.swift */,
			);
			path = ViewModel;
			sourceTree = "<group>";
		};
		8125A1642C731CE100229ED2 /* Model */ = {
			isa = PBXGroup;
			children = (
				8125A1872C762A0800229ED2 /* APIResponseTypes */,
				8125A1862C7629FB00229ED2 /* DataTypes */,
			);
			path = Model;
			sourceTree = "<group>";
		};
		8125A16A2C733B3200229ED2 /* Supporting */ = {
			isa = PBXGroup;
			children = (
				8125A14B2C7319FF00229ED2 /* AppDelegate.swift */,
				8125A14D2C7319FF00229ED2 /* SceneDelegate.swift */,
				8125A1542C731A0100229ED2 /* Assets.xcassets */,
				8125A1562C731A0100229ED2 /* LaunchScreen.storyboard */,
			);
			path = Supporting;
			sourceTree = "<group>";
		};
		8125A17B2C75C63200229ED2 /* API */ = {
			isa = PBXGroup;
			children = (
				8125A17C2C75C64000229ED2 /* Service.swift */,
				8125A17E2C75C64700229ED2 /* Request.swift */,
				8125A1802C75C6BD00229ED2 /* EndPoint.swift */,
			);
			path = API;
			sourceTree = "<group>";
		};
		8125A1862C7629FB00229ED2 /* DataTypes */ = {
			isa = PBXGroup;
			children = (
				8125A16D2C737FF600229ED2 /* RMCharacter.swift */,
				8125A16F2C75C0C200229ED2 /* Origin.swift */,
				8125A1712C75C0CA00229ED2 /* SingleLocation.swift */,
				8125A1732C75C25E00229ED2 /* CharacterStatus.swift */,
				8125A1752C75C31E00229ED2 /* CharacterGender.swift */,
				8125A1772C75C3C600229ED2 /* Location.swift */,
				8125A1792C75C4A900229ED2 /* Episode.swift */,
			);
			path = DataTypes;
			sourceTree = "<group>";
		};
		8125A1872C762A0800229ED2 /* APIResponseTypes */ = {
			isa = PBXGroup;
			children = (
				8125A1882C762A2900229ED2 /* GetAllCharactersResponse.swift */,
			);
			path = APIResponseTypes;
			sourceTree = "<group>";
		};
/* End PBXGroup section */

/* Begin PBXNativeTarget section */
		8125A1472C7319FF00229ED2 /* RickAndMorty */ = {
			isa = PBXNativeTarget;
			buildConfigurationList = 8125A15C2C731A0100229ED2 /* Build configuration list for PBXNativeTarget "RickAndMorty" */;
			buildPhases = (
				8125A1442C7319FF00229ED2 /* Sources */,
				8125A1452C7319FF00229ED2 /* Frameworks */,
				8125A1462C7319FF00229ED2 /* Resources */,
			);
			buildRules = (
			);
			dependencies = (
			);
			name = RickAndMorty;
			productName = RickAndMorty;
			productReference = 8125A1482C7319FF00229ED2 /* RickAndMorty.app */;
			productType = "com.apple.product-type.application";
		};
/* End PBXNativeTarget section */

/* Begin PBXProject section */
		8125A1402C7319FF00229ED2 /* Project object */ = {
			isa = PBXProject;
			attributes = {
				BuildIndependentTargetsInParallel = 1;
				LastSwiftUpdateCheck = 1540;
				LastUpgradeCheck = 1540;
				TargetAttributes = {
					8125A1472C7319FF00229ED2 = {
						CreatedOnToolsVersion = 15.4;
					};
				};
			};
			buildConfigurationList = 8125A1432C7319FF00229ED2 /* Build configuration list for PBXProject "RickAndMorty" */;
			compatibilityVersion = "Xcode 14.0";
			developmentRegion = en;
			hasScannedForEncodings = 0;
			knownRegions = (
				en,
				Base,
			);
			mainGroup = 8125A13F2C7319FF00229ED2;
			productRefGroup = 8125A1492C7319FF00229ED2 /* Products */;
			projectDirPath = "";
			projectRoot = "";
			targets = (
				8125A1472C7319FF00229ED2 /* RickAndMorty */,
			);
		};
/* End PBXProject section */

/* Begin PBXResourcesBuildPhase section */
		8125A1462C7319FF00229ED2 /* Resources */ = {
			isa = PBXResourcesBuildPhase;
			buildActionMask = 2147483647;
			files = (
				8125A1552C731A0100229ED2 /* Assets.xcassets in Resources */,
				8125A1582C731A0100229ED2 /* Base in Resources */,
			);
			runOnlyForDeploymentPostprocessing = 0;
		};
/* End PBXResourcesBuildPhase section */

/* Begin PBXSourcesBuildPhase section */
		8125A1442C7319FF00229ED2 /* Sources */ = {
			isa = PBXSourcesBuildPhase;
			buildActionMask = 2147483647;
			files = (
				8125A1892C762A2900229ED2 /* GetAllCharactersResponse.swift in Sources */,
				8125A14C2C7319FF00229ED2 /* AppDelegate.swift in Sources */,
				8125A17F2C75C64700229ED2 /* Request.swift in Sources */,
				8125A1742C75C25E00229ED2 /* CharacterStatus.swift in Sources */,
				8125A1782C75C3C600229ED2 /* Location.swift in Sources */,
				8125A14E2C7319FF00229ED2 /* SceneDelegate.swift in Sources */,
				8125A16C2C733BAF00229ED2 /* CharacterListCell.swift in Sources */,
				8125A1832C75C8B100229ED2 /* CharacterDetailsVC.swift in Sources */,
				8125A17D2C75C64000229ED2 /* Service.swift in Sources */,
				8125A17A2C75C4A900229ED2 /* Episode.swift in Sources */,
				8125A1612C731A6500229ED2 /* CharactersListVC.swift in Sources */,
				8125A16E2C737FF600229ED2 /* RMCharacter.swift in Sources */,
				8125A1702C75C0C200229ED2 /* Origin.swift in Sources */,
				8125A18B2C77B06300229ED2 /* CharacterListViewViewModel.swift in Sources */,
				8125A1762C75C31E00229ED2 /* CharacterGender.swift in Sources */,
				8125A1812C75C6BD00229ED2 /* EndPoint.swift in Sources */,
				8125A18D2C77BBA300229ED2 /* RMCharacterListCellViewModel.swift in Sources */,
				8125A1722C75C0CA00229ED2 /* SingleLocation.swift in Sources */,
			);
			runOnlyForDeploymentPostprocessing = 0;
		};
/* End PBXSourcesBuildPhase section */

/* Begin PBXVariantGroup section */
		8125A1562C731A0100229ED2 /* LaunchScreen.storyboard */ = {
			isa = PBXVariantGroup;
			children = (
				8125A1572C731A0100229ED2 /* Base */,
			);
			name = LaunchScreen.storyboard;
			sourceTree = "<group>";
		};
/* End PBXVariantGroup section */

/* Begin XCBuildConfiguration section */
		8125A15A2C731A0100229ED2 /* Debug */ = {
			isa = XCBuildConfiguration;
			buildSettings = {
				ALWAYS_SEARCH_USER_PATHS = NO;
				ASSETCATALOG_COMPILER_GENERATE_SWIFT_ASSET_SYMBOL_EXTENSIONS = YES;
				CLANG_ANALYZER_NONNULL = YES;
				CLANG_ANALYZER_NUMBER_OBJECT_CONVERSION = YES_AGGRESSIVE;
				CLANG_CXX_LANGUAGE_STANDARD = "gnu++20";
				CLANG_ENABLE_MODULES = YES;
				CLANG_ENABLE_OBJC_ARC = YES;
				CLANG_ENABLE_OBJC_WEAK = YES;
				CLANG_WARN_BLOCK_CAPTURE_AUTORELEASING = YES;
				CLANG_WARN_BOOL_CONVERSION = YES;
				CLANG_WARN_COMMA = YES;
				CLANG_WARN_CONSTANT_CONVERSION = YES;
				CLANG_WARN_DEPRECATED_OBJC_IMPLEMENTATIONS = YES;
				CLANG_WARN_DIRECT_OBJC_ISA_USAGE = YES_ERROR;
				CLANG_WARN_DOCUMENTATION_COMMENTS = YES;
				CLANG_WARN_EMPTY_BODY = YES;
				CLANG_WARN_ENUM_CONVERSION = YES;
				CLANG_WARN_INFINITE_RECURSION = YES;
				CLANG_WARN_INT_CONVERSION = YES;
				CLANG_WARN_NON_LITERAL_NULL_CONVERSION = YES;
				CLANG_WARN_OBJC_IMPLICIT_RETAIN_SELF = YES;
				CLANG_WARN_OBJC_LITERAL_CONVERSION = YES;
				CLANG_WARN_OBJC_ROOT_CLASS = YES_ERROR;
				CLANG_WARN_QUOTED_INCLUDE_IN_FRAMEWORK_HEADER = YES;
				CLANG_WARN_RANGE_LOOP_ANALYSIS = YES;
				CLANG_WARN_STRICT_PROTOTYPES = YES;
				CLANG_WARN_SUSPICIOUS_MOVE = YES;
				CLANG_WARN_UNGUARDED_AVAILABILITY = YES_AGGRESSIVE;
				CLANG_WARN_UNREACHABLE_CODE = YES;
				CLANG_WARN__DUPLICATE_METHOD_MATCH = YES;
				COPY_PHASE_STRIP = NO;
				DEBUG_INFORMATION_FORMAT = dwarf;
				ENABLE_STRICT_OBJC_MSGSEND = YES;
				ENABLE_TESTABILITY = YES;
				ENABLE_USER_SCRIPT_SANDBOXING = YES;
				GCC_C_LANGUAGE_STANDARD = gnu17;
				GCC_DYNAMIC_NO_PIC = NO;
				GCC_NO_COMMON_BLOCKS = YES;
				GCC_OPTIMIZATION_LEVEL = 0;
				GCC_PREPROCESSOR_DEFINITIONS = (
					"DEBUG=1",
					"$(inherited)",
				);
				GCC_WARN_64_TO_32_BIT_CONVERSION = YES;
				GCC_WARN_ABOUT_RETURN_TYPE = YES_ERROR;
				GCC_WARN_UNDECLARED_SELECTOR = YES;
				GCC_WARN_UNINITIALIZED_AUTOS = YES_AGGRESSIVE;
				GCC_WARN_UNUSED_FUNCTION = YES;
				GCC_WARN_UNUSED_VARIABLE = YES;
				IPHONEOS_DEPLOYMENT_TARGET = 17.5;
				LOCALIZATION_PREFERS_STRING_CATALOGS = YES;
				MTL_ENABLE_DEBUG_INFO = INCLUDE_SOURCE;
				MTL_FAST_MATH = YES;
				ONLY_ACTIVE_ARCH = YES;
				SDKROOT = iphoneos;
				SWIFT_ACTIVE_COMPILATION_CONDITIONS = "DEBUG $(inherited)";
				SWIFT_OPTIMIZATION_LEVEL = "-Onone";
			};
			name = Debug;
		};
		8125A15B2C731A0100229ED2 /* Release */ = {
			isa = XCBuildConfiguration;
			buildSettings = {
				ALWAYS_SEARCH_USER_PATHS = NO;
				ASSETCATALOG_COMPILER_GENERATE_SWIFT_ASSET_SYMBOL_EXTENSIONS = YES;
				CLANG_ANALYZER_NONNULL = YES;
				CLANG_ANALYZER_NUMBER_OBJECT_CONVERSION = YES_AGGRESSIVE;
				CLANG_CXX_LANGUAGE_STANDARD = "gnu++20";
				CLANG_ENABLE_MODULES = YES;
				CLANG_ENABLE_OBJC_ARC = YES;
				CLANG_ENABLE_OBJC_WEAK = YES;
				CLANG_WARN_BLOCK_CAPTURE_AUTORELEASING = YES;
				CLANG_WARN_BOOL_CONVERSION = YES;
				CLANG_WARN_COMMA = YES;
				CLANG_WARN_CONSTANT_CONVERSION = YES;
				CLANG_WARN_DEPRECATED_OBJC_IMPLEMENTATIONS = YES;
				CLANG_WARN_DIRECT_OBJC_ISA_USAGE = YES_ERROR;
				CLANG_WARN_DOCUMENTATION_COMMENTS = YES;
				CLANG_WARN_EMPTY_BODY = YES;
				CLANG_WARN_ENUM_CONVERSION = YES;
				CLANG_WARN_INFINITE_RECURSION = YES;
				CLANG_WARN_INT_CONVERSION = YES;
				CLANG_WARN_NON_LITERAL_NULL_CONVERSION = YES;
				CLANG_WARN_OBJC_IMPLICIT_RETAIN_SELF = YES;
				CLANG_WARN_OBJC_LITERAL_CONVERSION = YES;
				CLANG_WARN_OBJC_ROOT_CLASS = YES_ERROR;
				CLANG_WARN_QUOTED_INCLUDE_IN_FRAMEWORK_HEADER = YES;
				CLANG_WARN_RANGE_LOOP_ANALYSIS = YES;
				CLANG_WARN_STRICT_PROTOTYPES = YES;
				CLANG_WARN_SUSPICIOUS_MOVE = YES;
				CLANG_WARN_UNGUARDED_AVAILABILITY = YES_AGGRESSIVE;
				CLANG_WARN_UNREACHABLE_CODE = YES;
				CLANG_WARN__DUPLICATE_METHOD_MATCH = YES;
				COPY_PHASE_STRIP = NO;
				DEBUG_INFORMATION_FORMAT = "dwarf-with-dsym";
				ENABLE_NS_ASSERTIONS = NO;
				ENABLE_STRICT_OBJC_MSGSEND = YES;
				ENABLE_USER_SCRIPT_SANDBOXING = YES;
				GCC_C_LANGUAGE_STANDARD = gnu17;
				GCC_NO_COMMON_BLOCKS = YES;
				GCC_WARN_64_TO_32_BIT_CONVERSION = YES;
				GCC_WARN_ABOUT_RETURN_TYPE = YES_ERROR;
				GCC_WARN_UNDECLARED_SELECTOR = YES;
				GCC_WARN_UNINITIALIZED_AUTOS = YES_AGGRESSIVE;
				GCC_WARN_UNUSED_FUNCTION = YES;
				GCC_WARN_UNUSED_VARIABLE = YES;
				IPHONEOS_DEPLOYMENT_TARGET = 17.5;
				LOCALIZATION_PREFERS_STRING_CATALOGS = YES;
				MTL_ENABLE_DEBUG_INFO = NO;
				MTL_FAST_MATH = YES;
				SDKROOT = iphoneos;
				SWIFT_COMPILATION_MODE = wholemodule;
				VALIDATE_PRODUCT = YES;
			};
			name = Release;
		};
		8125A15D2C731A0100229ED2 /* Debug */ = {
			isa = XCBuildConfiguration;
			buildSettings = {
				ASSETCATALOG_COMPILER_APPICON_NAME = AppIcon;
				ASSETCATALOG_COMPILER_GLOBAL_ACCENT_COLOR_NAME = AccentColor;
				CODE_SIGN_STYLE = Automatic;
				CURRENT_PROJECT_VERSION = 1;
				DEVELOPMENT_TEAM = GNBZP8PU72;
				GENERATE_INFOPLIST_FILE = YES;
				INFOPLIST_FILE = RickAndMorty/Info.plist;
				INFOPLIST_KEY_UIApplicationSupportsIndirectInputEvents = YES;
				INFOPLIST_KEY_UILaunchStoryboardName = LaunchScreen;
				INFOPLIST_KEY_UIMainStoryboardFile = "";
				INFOPLIST_KEY_UISupportedInterfaceOrientations_iPad = "UIInterfaceOrientationPortrait UIInterfaceOrientationPortraitUpsideDown UIInterfaceOrientationLandscapeLeft UIInterfaceOrientationLandscapeRight";
				INFOPLIST_KEY_UISupportedInterfaceOrientations_iPhone = "UIInterfaceOrientationPortrait UIInterfaceOrientationLandscapeLeft UIInterfaceOrientationLandscapeRight";
				LD_RUNPATH_SEARCH_PATHS = (
					"$(inherited)",
					"@executable_path/Frameworks",
				);
				MARKETING_VERSION = 1.0;
				PRODUCT_BUNDLE_IDENTIFIER = com.dmrts.RickAndMorty;
				PRODUCT_NAME = "$(TARGET_NAME)";
				SWIFT_EMIT_LOC_STRINGS = YES;
				SWIFT_VERSION = 5.0;
				TARGETED_DEVICE_FAMILY = "1,2";
			};
			name = Debug;
		};
		8125A15E2C731A0100229ED2 /* Release */ = {
			isa = XCBuildConfiguration;
			buildSettings = {
				ASSETCATALOG_COMPILER_APPICON_NAME = AppIcon;
				ASSETCATALOG_COMPILER_GLOBAL_ACCENT_COLOR_NAME = AccentColor;
				CODE_SIGN_STYLE = Automatic;
				CURRENT_PROJECT_VERSION = 1;
				DEVELOPMENT_TEAM = GNBZP8PU72;
				GENERATE_INFOPLIST_FILE = YES;
				INFOPLIST_FILE = RickAndMorty/Info.plist;
				INFOPLIST_KEY_UIApplicationSupportsIndirectInputEvents = YES;
				INFOPLIST_KEY_UILaunchStoryboardName = LaunchScreen;
				INFOPLIST_KEY_UIMainStoryboardFile = "";
				INFOPLIST_KEY_UISupportedInterfaceOrientations_iPad = "UIInterfaceOrientationPortrait UIInterfaceOrientationPortraitUpsideDown UIInterfaceOrientationLandscapeLeft UIInterfaceOrientationLandscapeRight";
				INFOPLIST_KEY_UISupportedInterfaceOrientations_iPhone = "UIInterfaceOrientationPortrait UIInterfaceOrientationLandscapeLeft UIInterfaceOrientationLandscapeRight";
				LD_RUNPATH_SEARCH_PATHS = (
					"$(inherited)",
					"@executable_path/Frameworks",
				);
				MARKETING_VERSION = 1.0;
				PRODUCT_BUNDLE_IDENTIFIER = com.dmrts.RickAndMorty;
				PRODUCT_NAME = "$(TARGET_NAME)";
				SWIFT_EMIT_LOC_STRINGS = YES;
				SWIFT_VERSION = 5.0;
				TARGETED_DEVICE_FAMILY = "1,2";
			};
			name = Release;
		};
/* End XCBuildConfiguration section */

/* Begin XCConfigurationList section */
		8125A1432C7319FF00229ED2 /* Build configuration list for PBXProject "RickAndMorty" */ = {
			isa = XCConfigurationList;
			buildConfigurations = (
				8125A15A2C731A0100229ED2 /* Debug */,
				8125A15B2C731A0100229ED2 /* Release */,
			);
			defaultConfigurationIsVisible = 0;
			defaultConfigurationName = Release;
		};
		8125A15C2C731A0100229ED2 /* Build configuration list for PBXNativeTarget "RickAndMorty" */ = {
			isa = XCConfigurationList;
			buildConfigurations = (
				8125A15D2C731A0100229ED2 /* Debug */,
				8125A15E2C731A0100229ED2 /* Release */,
			);
			defaultConfigurationIsVisible = 0;
			defaultConfigurationName = Release;
		};
/* End XCConfigurationList section */
	};
	rootObject = 8125A1402C7319FF00229ED2 /* Project object */;
}
